// !$*UTF8*$!
{
	archiveVersion = 1;
	classes = {
	};
	objectVersion = 56;
	objects = {

/* Begin PBXBuildFile section */
		F396639C2C1207C5002D6DBA /* RealityKitContent in Frameworks */ = {isa = PBXBuildFile; productRef = F396639B2C1207C5002D6DBA /* RealityKitContent */; };
		F396639E2C1207C5002D6DBA /* FruitsonalityVisionOsApp.swift in Sources */ = {isa = PBXBuildFile; fileRef = F396639D2C1207C5002D6DBA /* FruitsonalityVisionOsApp.swift */; };
		F39663A02C1207C5002D6DBA /* ContentView.swift in Sources */ = {isa = PBXBuildFile; fileRef = F396639F2C1207C5002D6DBA /* ContentView.swift */; };
		F39663A22C1207C5002D6DBA /* ImmersiveView.swift in Sources */ = {isa = PBXBuildFile; fileRef = F39663A12C1207C5002D6DBA /* ImmersiveView.swift */; };
		F39663A42C1207C6002D6DBA /* Assets.xcassets in Resources */ = {isa = PBXBuildFile; fileRef = F39663A32C1207C6002D6DBA /* Assets.xcassets */; };
		F39663A72C1207C6002D6DBA /* Preview Assets.xcassets in Resources */ = {isa = PBXBuildFile; fileRef = F39663A62C1207C6002D6DBA /* Preview Assets.xcassets */; };
		F39663B12C12422E002D6DBA /* FruitQuizViewModel.swift in Sources */ = {isa = PBXBuildFile; fileRef = F39663B02C12422E002D6DBA /* FruitQuizViewModel.swift */; };
		F39663B32C12423A002D6DBA /* QuizModel.swift in Sources */ = {isa = PBXBuildFile; fileRef = F39663B22C12423A002D6DBA /* QuizModel.swift */; };
/* End PBXBuildFile section */

/* Begin PBXFileReference section */
		F39663962C1207C5002D6DBA /* FruitsonalityVisionOs.app */ = {isa = PBXFileReference; explicitFileType = wrapper.application; includeInIndex = 0; path = FruitsonalityVisionOs.app; sourceTree = BUILT_PRODUCTS_DIR; };
		F396639A2C1207C5002D6DBA /* RealityKitContent */ = {isa = PBXFileReference; lastKnownFileType = wrapper; path = RealityKitContent; sourceTree = "<group>"; };
		F396639D2C1207C5002D6DBA /* FruitsonalityVisionOsApp.swift */ = {isa = PBXFileReference; lastKnownFileType = sourcecode.swift; path = FruitsonalityVisionOsApp.swift; sourceTree = "<group>"; };
		F396639F2C1207C5002D6DBA /* ContentView.swift */ = {isa = PBXFileReference; lastKnownFileType = sourcecode.swift; path = ContentView.swift; sourceTree = "<group>"; };
		F39663A12C1207C5002D6DBA /* ImmersiveView.swift */ = {isa = PBXFileReference; lastKnownFileType = sourcecode.swift; path = ImmersiveView.swift; sourceTree = "<group>"; };
		F39663A32C1207C6002D6DBA /* Assets.xcassets */ = {isa = PBXFileReference; lastKnownFileType = folder.assetcatalog; path = Assets.xcassets; sourceTree = "<group>"; };
		F39663A62C1207C6002D6DBA /* Preview Assets.xcassets */ = {isa = PBXFileReference; lastKnownFileType = folder.assetcatalog; path = "Preview Assets.xcassets"; sourceTree = "<group>"; };
		F39663A82C1207C6002D6DBA /* Info.plist */ = {isa = PBXFileReference; lastKnownFileType = text.plist.xml; path = Info.plist; sourceTree = "<group>"; };
		F39663B02C12422E002D6DBA /* FruitQuizViewModel.swift */ = {isa = PBXFileReference; lastKnownFileType = sourcecode.swift; path = FruitQuizViewModel.swift; sourceTree = "<group>"; };
		F39663B22C12423A002D6DBA /* QuizModel.swift */ = {isa = PBXFileReference; lastKnownFileType = sourcecode.swift; path = QuizModel.swift; sourceTree = "<group>"; };
/* End PBXFileReference section */

/* Begin PBXFrameworksBuildPhase section */
		F39663932C1207C5002D6DBA /* Frameworks */ = {
			isa = PBXFrameworksBuildPhase;
			buildActionMask = 2147483647;
			files = (
				F396639C2C1207C5002D6DBA /* RealityKitContent in Frameworks */,
			);
			runOnlyForDeploymentPostprocessing = 0;
		};
/* End PBXFrameworksBuildPhase section */

/* Begin PBXGroup section */
		F396638D2C1207C5002D6DBA = {
			isa = PBXGroup;
			children = (
				F39663982C1207C5002D6DBA /* FruitsonalityVisionOs */,
				F39663992C1207C5002D6DBA /* Packages */,
				F39663972C1207C5002D6DBA /* Products */,
			);
			sourceTree = "<group>";
		};
		F39663972C1207C5002D6DBA /* Products */ = {
			isa = PBXGroup;
			children = (
				F39663962C1207C5002D6DBA /* FruitsonalityVisionOs.app */,
			);
			name = Products;
			sourceTree = "<group>";
		};
		F39663982C1207C5002D6DBA /* FruitsonalityVisionOs */ = {
			isa = PBXGroup;
			children = (
				F396639D2C1207C5002D6DBA /* FruitsonalityVisionOsApp.swift */,
				F39663AF2C12421C002D6DBA /* Models */,
				F39663AE2C12420B002D6DBA /* Views */,
				F39663A32C1207C6002D6DBA /* Assets.xcassets */,
				F39663A82C1207C6002D6DBA /* Info.plist */,
				F39663A52C1207C6002D6DBA /* Preview Content */,
			);
			path = FruitsonalityVisionOs;
			sourceTree = "<group>";
		};
		F39663992C1207C5002D6DBA /* Packages */ = {
			isa = PBXGroup;
			children = (
				F396639A2C1207C5002D6DBA /* RealityKitContent */,
			);
			path = Packages;
			sourceTree = "<group>";
		};
		F39663A52C1207C6002D6DBA /* Preview Content */ = {
			isa = PBXGroup;
			children = (
				F39663A62C1207C6002D6DBA /* Preview Assets.xcassets */,
			);
			path = "Preview Content";
			sourceTree = "<group>";
		};
		F39663AE2C12420B002D6DBA /* Views */ = {
			isa = PBXGroup;
			children = (
				F396639F2C1207C5002D6DBA /* ContentView.swift */,
				F39663A12C1207C5002D6DBA /* ImmersiveView.swift */,
			);
			path = Views;
			sourceTree = "<group>";
		};
		F39663AF2C12421C002D6DBA /* Models */ = {
			isa = PBXGroup;
			children = (
				F39663B02C12422E002D6DBA /* FruitQuizViewModel.swift */,
				F39663B22C12423A002D6DBA /* QuizModel.swift */,
			);
			path = Models;
			sourceTree = "<group>";
		};
/* End PBXGroup section */

/* Begin PBXNativeTarget section */
		F39663952C1207C5002D6DBA /* FruitsonalityVisionOs */ = {
			isa = PBXNativeTarget;
			buildConfigurationList = F39663AB2C1207C6002D6DBA /* Build configuration list for PBXNativeTarget "FruitsonalityVisionOs" */;
			buildPhases = (
				F39663922C1207C5002D6DBA /* Sources */,
				F39663932C1207C5002D6DBA /* Frameworks */,
				F39663942C1207C5002D6DBA /* Resources */,
			);
			buildRules = (
			);
			dependencies = (
			);
			name = FruitsonalityVisionOs;
			packageProductDependencies = (
				F396639B2C1207C5002D6DBA /* RealityKitContent */,
			);
			productName = FruitsonalityVisionOs;
			productReference = F39663962C1207C5002D6DBA /* FruitsonalityVisionOs.app */;
			productType = "com.apple.product-type.application";
		};
/* End PBXNativeTarget section */

/* Begin PBXProject section */
		F396638E2C1207C5002D6DBA /* Project object */ = {
			isa = PBXProject;
			attributes = {
				BuildIndependentTargetsInParallel = 1;
				LastSwiftUpdateCheck = 1530;
				LastUpgradeCheck = 1530;
				TargetAttributes = {
					F39663952C1207C5002D6DBA = {
						CreatedOnToolsVersion = 15.3;
					};
				};
			};
			buildConfigurationList = F39663912C1207C5002D6DBA /* Build configuration list for PBXProject "FruitsonalityVisionOs" */;
			compatibilityVersion = "Xcode 14.0";
			developmentRegion = en;
			hasScannedForEncodings = 0;
			knownRegions = (
				en,
				Base,
			);
			mainGroup = F396638D2C1207C5002D6DBA;
			productRefGroup = F39663972C1207C5002D6DBA /* Products */;
			projectDirPath = "";
			projectRoot = "";
			targets = (
				F39663952C1207C5002D6DBA /* FruitsonalityVisionOs */,
			);
		};
/* End PBXProject section */

/* Begin PBXResourcesBuildPhase section */
		F39663942C1207C5002D6DBA /* Resources */ = {
			isa = PBXResourcesBuildPhase;
			buildActionMask = 2147483647;
			files = (
				F39663A72C1207C6002D6DBA /* Preview Assets.xcassets in Resources */,
				F39663A42C1207C6002D6DBA /* Assets.xcassets in Resources */,
			);
			runOnlyForDeploymentPostprocessing = 0;
		};
/* End PBXResourcesBuildPhase section */

/* Begin PBXSourcesBuildPhase section */
		F39663922C1207C5002D6DBA /* Sources */ = {
			isa = PBXSourcesBuildPhase;
			buildActionMask = 2147483647;
			files = (
				F39663A02C1207C5002D6DBA /* ContentView.swift in Sources */,
				F396639E2C1207C5002D6DBA /* FruitsonalityVisionOsApp.swift in Sources */,
				F39663A22C1207C5002D6DBA /* ImmersiveView.swift in Sources */,
				F39663B12C12422E002D6DBA /* FruitQuizViewModel.swift in Sources */,
				F39663B32C12423A002D6DBA /* QuizModel.swift in Sources */,
			);
			runOnlyForDeploymentPostprocessing = 0;
		};
/* End PBXSourcesBuildPhase section */

/* Begin XCBuildConfiguration section */
		F39663A92C1207C6002D6DBA /* Debug */ = {
			isa = XCBuildConfiguration;
			buildSettings = {
				ALWAYS_SEARCH_USER_PATHS = NO;
				ASSETCATALOG_COMPILER_GENERATE_SWIFT_ASSET_SYMBOL_EXTENSIONS = YES;
				CLANG_ANALYZER_NONNULL = YES;
				CLANG_ANALYZER_NUMBER_OBJECT_CONVERSION = YES_AGGRESSIVE;
				CLANG_CXX_LANGUAGE_STANDARD = "gnu++20";
				CLANG_ENABLE_MODULES = YES;
				CLANG_ENABLE_OBJC_ARC = YES;
				CLANG_ENABLE_OBJC_WEAK = YES;
				CLANG_WARN_BLOCK_CAPTURE_AUTORELEASING = YES;
				CLANG_WARN_BOOL_CONVERSION = YES;
				CLANG_WARN_COMMA = YES;
				CLANG_WARN_CONSTANT_CONVERSION = YES;
				CLANG_WARN_DEPRECATED_OBJC_IMPLEMENTATIONS = YES;
				CLANG_WARN_DIRECT_OBJC_ISA_USAGE = YES_ERROR;
				CLANG_WARN_DOCUMENTATION_COMMENTS = YES;
				CLANG_WARN_EMPTY_BODY = YES;
				CLANG_WARN_ENUM_CONVERSION = YES;
				CLANG_WARN_INFINITE_RECURSION = YES;
				CLANG_WARN_INT_CONVERSION = YES;
				CLANG_WARN_NON_LITERAL_NULL_CONVERSION = YES;
				CLANG_WARN_OBJC_IMPLICIT_RETAIN_SELF = YES;
				CLANG_WARN_OBJC_LITERAL_CONVERSION = YES;
				CLANG_WARN_OBJC_ROOT_CLASS = YES_ERROR;
				CLANG_WARN_QUOTED_INCLUDE_IN_FRAMEWORK_HEADER = YES;
				CLANG_WARN_RANGE_LOOP_ANALYSIS = YES;
				CLANG_WARN_STRICT_PROTOTYPES = YES;
				CLANG_WARN_SUSPICIOUS_MOVE = YES;
				CLANG_WARN_UNGUARDED_AVAILABILITY = YES_AGGRESSIVE;
				CLANG_WARN_UNREACHABLE_CODE = YES;
				CLANG_WARN__DUPLICATE_METHOD_MATCH = YES;
				COPY_PHASE_STRIP = NO;
				DEBUG_INFORMATION_FORMAT = dwarf;
				ENABLE_STRICT_OBJC_MSGSEND = YES;
				ENABLE_TESTABILITY = YES;
				ENABLE_USER_SCRIPT_SANDBOXING = YES;
				GCC_C_LANGUAGE_STANDARD = gnu17;
				GCC_DYNAMIC_NO_PIC = NO;
				GCC_NO_COMMON_BLOCKS = YES;
				GCC_OPTIMIZATION_LEVEL = 0;
				GCC_PREPROCESSOR_DEFINITIONS = (
					"DEBUG=1",
					"$(inherited)",
				);
				GCC_WARN_64_TO_32_BIT_CONVERSION = YES;
				GCC_WARN_ABOUT_RETURN_TYPE = YES_ERROR;
				GCC_WARN_UNDECLARED_SELECTOR = YES;
				GCC_WARN_UNINITIALIZED_AUTOS = YES_AGGRESSIVE;
				GCC_WARN_UNUSED_FUNCTION = YES;
				GCC_WARN_UNUSED_VARIABLE = YES;
				LOCALIZATION_PREFERS_STRING_CATALOGS = YES;
				MTL_ENABLE_DEBUG_INFO = INCLUDE_SOURCE;
				MTL_FAST_MATH = YES;
				ONLY_ACTIVE_ARCH = YES;
				SDKROOT = xros;
				SWIFT_ACTIVE_COMPILATION_CONDITIONS = "DEBUG $(inherited)";
				SWIFT_OPTIMIZATION_LEVEL = "-Onone";
				XROS_DEPLOYMENT_TARGET = 1.1;
			};
			name = Debug;
		};
		F39663AA2C1207C6002D6DBA /* Release */ = {
			isa = XCBuildConfiguration;
			buildSettings = {
				ALWAYS_SEARCH_USER_PATHS = NO;
				ASSETCATALOG_COMPILER_GENERATE_SWIFT_ASSET_SYMBOL_EXTENSIONS = YES;
				CLANG_ANALYZER_NONNULL = YES;
				CLANG_ANALYZER_NUMBER_OBJECT_CONVERSION = YES_AGGRESSIVE;
				CLANG_CXX_LANGUAGE_STANDARD = "gnu++20";
				CLANG_ENABLE_MODULES = YES;
				CLANG_ENABLE_OBJC_ARC = YES;
				CLANG_ENABLE_OBJC_WEAK = YES;
				CLANG_WARN_BLOCK_CAPTURE_AUTORELEASING = YES;
				CLANG_WARN_BOOL_CONVERSION = YES;
				CLANG_WARN_COMMA = YES;
				CLANG_WARN_CONSTANT_CONVERSION = YES;
				CLANG_WARN_DEPRECATED_OBJC_IMPLEMENTATIONS = YES;
				CLANG_WARN_DIRECT_OBJC_ISA_USAGE = YES_ERROR;
				CLANG_WARN_DOCUMENTATION_COMMENTS = YES;
				CLANG_WARN_EMPTY_BODY = YES;
				CLANG_WARN_ENUM_CONVERSION = YES;
				CLANG_WARN_INFINITE_RECURSION = YES;
				CLANG_WARN_INT_CONVERSION = YES;
				CLANG_WARN_NON_LITERAL_NULL_CONVERSION = YES;
				CLANG_WARN_OBJC_IMPLICIT_RETAIN_SELF = YES;
				CLANG_WARN_OBJC_LITERAL_CONVERSION = YES;
				CLANG_WARN_OBJC_ROOT_CLASS = YES_ERROR;
				CLANG_WARN_QUOTED_INCLUDE_IN_FRAMEWORK_HEADER = YES;
				CLANG_WARN_RANGE_LOOP_ANALYSIS = YES;
				CLANG_WARN_STRICT_PROTOTYPES = YES;
				CLANG_WARN_SUSPICIOUS_MOVE = YES;
				CLANG_WARN_UNGUARDED_AVAILABILITY = YES_AGGRESSIVE;
				CLANG_WARN_UNREACHABLE_CODE = YES;
				CLANG_WARN__DUPLICATE_METHOD_MATCH = YES;
				COPY_PHASE_STRIP = NO;
				DEBUG_INFORMATION_FORMAT = "dwarf-with-dsym";
				ENABLE_NS_ASSERTIONS = NO;
				ENABLE_STRICT_OBJC_MSGSEND = YES;
				ENABLE_USER_SCRIPT_SANDBOXING = YES;
				GCC_C_LANGUAGE_STANDARD = gnu17;
				GCC_NO_COMMON_BLOCKS = YES;
				GCC_WARN_64_TO_32_BIT_CONVERSION = YES;
				GCC_WARN_ABOUT_RETURN_TYPE = YES_ERROR;
				GCC_WARN_UNDECLARED_SELECTOR = YES;
				GCC_WARN_UNINITIALIZED_AUTOS = YES_AGGRESSIVE;
				GCC_WARN_UNUSED_FUNCTION = YES;
				GCC_WARN_UNUSED_VARIABLE = YES;
				LOCALIZATION_PREFERS_STRING_CATALOGS = YES;
				MTL_ENABLE_DEBUG_INFO = NO;
				MTL_FAST_MATH = YES;
				SDKROOT = xros;
				SWIFT_COMPILATION_MODE = wholemodule;
				VALIDATE_PRODUCT = YES;
				XROS_DEPLOYMENT_TARGET = 1.1;
			};
			name = Release;
		};
		F39663AC2C1207C6002D6DBA /* Debug */ = {
			isa = XCBuildConfiguration;
			buildSettings = {
				ASSETCATALOG_COMPILER_APPICON_NAME = AppIcon;
				ASSETCATALOG_COMPILER_GLOBAL_ACCENT_COLOR_NAME = AccentColor;
				CODE_SIGN_STYLE = Automatic;
				CURRENT_PROJECT_VERSION = 1;
				DEVELOPMENT_ASSET_PATHS = "\"FruitsonalityVisionOs/Preview Content\"";
				DEVELOPMENT_TEAM = 9S84DPJ7LD;
				ENABLE_PREVIEWS = YES;
				GENERATE_INFOPLIST_FILE = YES;
				INFOPLIST_FILE = "$(TARGET_NAME)/Info.plist";
				LD_RUNPATH_SEARCH_PATHS = (
					"$(inherited)",
					"@executable_path/Frameworks",
				);
				MARKETING_VERSION = 1.0;
				PRODUCT_BUNDLE_IDENTIFIER = com.elenagalluzzo.FruitsonalityVisionOs;
				PRODUCT_NAME = "$(TARGET_NAME)";
				SUPPORTED_PLATFORMS = "xros xrsimulator";
				SWIFT_EMIT_LOC_STRINGS = YES;
				SWIFT_VERSION = 5.0;
				TARGETED_DEVICE_FAMILY = "1,2,7";
			};
			name = Debug;
		};
		F39663AD2C1207C6002D6DBA /* Release */ = {
			isa = XCBuildConfiguration;
			buildSettings = {
				ASSETCATALOG_COMPILER_APPICON_NAME = AppIcon;
				ASSETCATALOG_COMPILER_GLOBAL_ACCENT_COLOR_NAME = AccentColor;
				CODE_SIGN_STYLE = Automatic;
				CURRENT_PROJECT_VERSION = 1;
				DEVELOPMENT_ASSET_PATHS = "\"FruitsonalityVisionOs/Preview Content\"";
				DEVELOPMENT_TEAM = 9S84DPJ7LD;
				ENABLE_PREVIEWS = YES;
				GENERATE_INFOPLIST_FILE = YES;
				INFOPLIST_FILE = "$(TARGET_NAME)/Info.plist";
				LD_RUNPATH_SEARCH_PATHS = (
					"$(inherited)",
					"@executable_path/Frameworks",
				);
				MARKETING_VERSION = 1.0;
				PRODUCT_BUNDLE_IDENTIFIER = com.elenagalluzzo.FruitsonalityVisionOs;
				PRODUCT_NAME = "$(TARGET_NAME)";
				SUPPORTED_PLATFORMS = "xros xrsimulator";
				SWIFT_EMIT_LOC_STRINGS = YES;
				SWIFT_VERSION = 5.0;
				TARGETED_DEVICE_FAMILY = "1,2,7";
			};
			name = Release;
		};
/* End XCBuildConfiguration section */

/* Begin XCConfigurationList section */
		F39663912C1207C5002D6DBA /* Build configuration list for PBXProject "FruitsonalityVisionOs" */ = {
			isa = XCConfigurationList;
			buildConfigurations = (
				F39663A92C1207C6002D6DBA /* Debug */,
				F39663AA2C1207C6002D6DBA /* Release */,
			);
			defaultConfigurationIsVisible = 0;
			defaultConfigurationName = Release;
		};
		F39663AB2C1207C6002D6DBA /* Build configuration list for PBXNativeTarget "FruitsonalityVisionOs" */ = {
			isa = XCConfigurationList;
			buildConfigurations = (
				F39663AC2C1207C6002D6DBA /* Debug */,
				F39663AD2C1207C6002D6DBA /* Release */,
			);
			defaultConfigurationIsVisible = 0;
			defaultConfigurationName = Release;
		};
/* End XCConfigurationList section */

/* Begin XCSwiftPackageProductDependency section */
		F396639B2C1207C5002D6DBA /* RealityKitContent */ = {
			isa = XCSwiftPackageProductDependency;
			productName = RealityKitContent;
		};
/* End XCSwiftPackageProductDependency section */
	};
	rootObject = F396638E2C1207C5002D6DBA /* Project object */;
}
